
Microsoft Visual Studio Solution File, Format Version 12.00
# Visual Studio Version 17
VisualStudioVersion = 17.14.36301.6 d17.14
MinimumVisualStudioVersion = 10.0.40219.1
Project("{FAE04EC0-301F-11D3-BF4B-00C04F79EFBC}") = "BobcatSecurityDepotHeist", "BobcatSecurityDepotHeist\BobcatSecurityDepotHeist.csproj", "{F895C264-DE12-492F-AC0A-61FD8080F29D}"
EndProject
Global
	GlobalSection(SolutionConfigurationPlatforms) = preSolution
		Debug|Any CPU = Debug|Any CPU
		Release|Any CPU = Release|Any CPU
	EndGlobalSection
	GlobalSection(ProjectConfigurationPlatforms) = postSolution
		{F895C264-DE12-492F-AC0A-61FD8080F29D}.Debug|Any CPU.ActiveCfg = Debug|Any CPU
		{F895C264-DE12-492F-AC0A-61FD8080F29D}.Debug|Any CPU.Build.0 = Debug|Any CPU
		{F895C264-DE12-492F-AC0A-61FD8080F29D}.Release|Any CPU.ActiveCfg = Release|Any CPU
		{F895C264-DE12-492F-AC0A-61FD8080F29D}.Release|Any CPU.Build.0 = Release|Any CPU
	EndGlobalSection
	GlobalSection(SolutionProperties) = preSolution
		HideSolutionNode = FALSE
	EndGlobalSection
	GlobalSection(ExtensibilityGlobals) = postSolution
		SolutionGuid = {CF9D8BC5-78DE-4AD8-B4E0-A1EA3E493AAE}
	EndGlobalSection
EndGlobal
