
Microsoft Visual Studio Solution File, Format Version 12.00
# Visual Studio Version 18
VisualStudioVersion = 18.2.11430.68 d18.0
MinimumVisualStudioVersion = 10.0.40219.1
Project("{FAE04EC0-301F-11D3-BF4B-00C04F79EFBC}") = "TheNorthYanktonHeist", "TheNorthYanktonHeist\TheNorthYanktonHeist.csproj", "{F895C264-DE12-492F-AC0A-61FD8080F29D}"
EndProject
Project("{2150E333-8FDC-42A3-9474-1A3956D46DE8}") = "Solution Items", "Solution Items", "{67C86EBF-6A51-4B3D-A3F6-522D98D98265}"
	ProjectSection(SolutionItems) = preProject
		.editorconfig = .editorconfig
	EndProjectSection
EndProject
Global
	GlobalSection(SolutionConfigurationPlatforms) = preSolution
		Debug|Any CPU = Debug|Any CPU
		Release|Any CPU = Release|Any CPU
	EndGlobalSection
	GlobalSection(ProjectConfigurationPlatforms) = postSolution
		{F895C264-DE12-492F-AC0A-61FD8080F29D}.Debug|Any CPU.ActiveCfg = Debug|Any CPU
		{F895C264-DE12-492F-AC0A-61FD8080F29D}.Debug|Any CPU.Build.0 = Debug|Any CPU
		{F895C264-DE12-492F-AC0A-61FD8080F29D}.Release|Any CPU.ActiveCfg = Release|Any CPU
		{F895C264-DE12-492F-AC0A-61FD8080F29D}.Release|Any CPU.Build.0 = Release|Any CPU
	EndGlobalSection
	GlobalSection(SolutionProperties) = preSolution
		HideSolutionNode = FALSE
	EndGlobalSection
	GlobalSection(ExtensibilityGlobals) = postSolution
		SolutionGuid = {34B9CEE9-65F0-4BC1-8C58-5BAFCBDDA034}
	EndGlobalSection
EndGlobal
